{
  "pins" : [
    {
      "identity" : "dropview",
      "kind" : "localSourceControl",
      "location" : "/Users/stefanobertagno/Developer/Open Source/DropView",
      "state" : {
        "branch" : "main",
        "revision" : "f0ffe7f09c4400204be290702b9dd0cd896cda01"
      }
    }
  ],
  "version" : 2
}
